
Microsoft Visual Studio Solution File, Format Version 12.00
# Visual Studio Version 17
VisualStudioVersion = 17.7.34031.279
MinimumVisualStudioVersion = 10.0.40219.1
Project("{C9674DCB-5085-4A16-B785-4C70DD1589BD}") = "grade", "grade\grade.dtproj", "{D84F910E-0E42-400C-89A8-C8103E848D59}"
EndProject
Global
	GlobalSection(SolutionConfigurationPlatforms) = preSolution
		Development|Default = Development|Default
	EndGlobalSection
	GlobalSection(ProjectConfigurationPlatforms) = postSolution
		{D84F910E-0E42-400C-89A8-C8103E848D59}.Development|Default.ActiveCfg = Development
		{D84F910E-0E42-400C-89A8-C8103E848D59}.Development|Default.Build.0 = Development
	EndGlobalSection
	GlobalSection(SolutionProperties) = preSolution
		HideSolutionNode = FALSE
	EndGlobalSection
	GlobalSection(ExtensibilityGlobals) = postSolution
		SolutionGuid = {9300C0D7-9676-4A75-BCA9-173C43308E95}
	EndGlobalSection
EndGlobal
